
Microsoft Visual Studio Solution File, Format Version 12.00
# Visual Studio Version 17
VisualStudioVersion = 17.11.35125.118
MinimumVisualStudioVersion = 10.0.40219.1
Project("{FAE04EC0-301F-11D3-BF4B-00C04F79EFBC}") = "PlaywrightXUnit", "PlaywrightXUnit\PlaywrightXUnit.csproj", "{ACBA64AA-AFEF-41F2-9379-5069AB4EDEA3}"
EndProject
Project("{FAE04EC0-301F-11D3-BF4B-00C04F79EFBC}") = "PlaywrightXUnitTests", "PlaywrightXUnitTests\PlaywrightXUnitTests.csproj", "{6C119ED0-8B04-44D2-9CAA-44A1C0FC7DC1}"
EndProject
Global
	GlobalSection(SolutionConfigurationPlatforms) = preSolution
		Debug|Any CPU = Debug|Any CPU
		Release|Any CPU = Release|Any CPU
	EndGlobalSection
	GlobalSection(ProjectConfigurationPlatforms) = postSolution
		{ACBA64AA-AFEF-41F2-9379-5069AB4EDEA3}.Debug|Any CPU.ActiveCfg = Debug|Any CPU
		{ACBA64AA-AFEF-41F2-9379-5069AB4EDEA3}.Debug|Any CPU.Build.0 = Debug|Any CPU
		{ACBA64AA-AFEF-41F2-9379-5069AB4EDEA3}.Release|Any CPU.ActiveCfg = Release|Any CPU
		{ACBA64AA-AFEF-41F2-9379-5069AB4EDEA3}.Release|Any CPU.Build.0 = Release|Any CPU
		{6C119ED0-8B04-44D2-9CAA-44A1C0FC7DC1}.Debug|Any CPU.ActiveCfg = Debug|Any CPU
		{6C119ED0-8B04-44D2-9CAA-44A1C0FC7DC1}.Debug|Any CPU.Build.0 = Debug|Any CPU
		{6C119ED0-8B04-44D2-9CAA-44A1C0FC7DC1}.Release|Any CPU.ActiveCfg = Release|Any CPU
		{6C119ED0-8B04-44D2-9CAA-44A1C0FC7DC1}.Release|Any CPU.Build.0 = Release|Any CPU
	EndGlobalSection
	GlobalSection(SolutionProperties) = preSolution
		HideSolutionNode = FALSE
	EndGlobalSection
	GlobalSection(ExtensibilityGlobals) = postSolution
		SolutionGuid = {61339C2C-3F78-44B1-8B55-D3F181AD3779}
	EndGlobalSection
EndGlobal
